
Microsoft Visual Studio Solution File, Format Version 12.00
# Visual Studio Version 16
VisualStudioVersion = 16.0.30804.86
MinimumVisualStudioVersion = 10.0.40219.1
Project("{FAE04EC0-301F-11D3-BF4B-00C04F79EFBC}") = "ProductService", "ProductService\ProductService.csproj", "{9B566CB2-E570-4330-9D5C-86ADA22A172A}"
EndProject
Project("{E53339B2-1760-4266-BCC7-CA923CBCF16C}") = "docker-compose", "docker-compose.dcproj", "{C78F6F33-39FE-47D5-8F05-06BFFDBF8543}"
EndProject
Global
	GlobalSection(SolutionConfigurationPlatforms) = preSolution
		Debug|Any CPU = Debug|Any CPU
		Release|Any CPU = Release|Any CPU
	EndGlobalSection
	GlobalSection(ProjectConfigurationPlatforms) = postSolution
		{9B566CB2-E570-4330-9D5C-86ADA22A172A}.Debug|Any CPU.ActiveCfg = Debug|Any CPU
		{9B566CB2-E570-4330-9D5C-86ADA22A172A}.Debug|Any CPU.Build.0 = Debug|Any CPU
		{9B566CB2-E570-4330-9D5C-86ADA22A172A}.Release|Any CPU.ActiveCfg = Release|Any CPU
		{9B566CB2-E570-4330-9D5C-86ADA22A172A}.Release|Any CPU.Build.0 = Release|Any CPU
		{C78F6F33-39FE-47D5-8F05-06BFFDBF8543}.Debug|Any CPU.ActiveCfg = Debug|Any CPU
		{C78F6F33-39FE-47D5-8F05-06BFFDBF8543}.Debug|Any CPU.Build.0 = Debug|Any CPU
		{C78F6F33-39FE-47D5-8F05-06BFFDBF8543}.Release|Any CPU.ActiveCfg = Release|Any CPU
		{C78F6F33-39FE-47D5-8F05-06BFFDBF8543}.Release|Any CPU.Build.0 = Release|Any CPU
	EndGlobalSection
	GlobalSection(SolutionProperties) = preSolution
		HideSolutionNode = FALSE
	EndGlobalSection
	GlobalSection(ExtensibilityGlobals) = postSolution
		SolutionGuid = {E1B24C2A-631C-4B62-8E82-6A8D86D0523D}
	EndGlobalSection
EndGlobal
